// !$*UTF8*$!
{
	archiveVersion = 1;
	classes = {
	};
	objectVersion = 55;
	objects = {

/* Begin PBXBuildFile section */
		8B2B273327E5D8C500DDFFF0 /* AfricaApp.swift in Sources */ = {isa = PBXBuildFile; fileRef = 8B2B273227E5D8C500DDFFF0 /* AfricaApp.swift */; };
		8B2B273527E5D8C500DDFFF0 /* ContentView.swift in Sources */ = {isa = PBXBuildFile; fileRef = 8B2B273427E5D8C500DDFFF0 /* ContentView.swift */; };
		8B2B273727E5D8C800DDFFF0 /* Assets.xcassets in Resources */ = {isa = PBXBuildFile; fileRef = 8B2B273627E5D8C800DDFFF0 /* Assets.xcassets */; };
		8B2B273A27E5D8C800DDFFF0 /* Preview Assets.xcassets in Resources */ = {isa = PBXBuildFile; fileRef = 8B2B273927E5D8C800DDFFF0 /* Preview Assets.xcassets */; };
		8B2B274B27E5DB2A00DDFFF0 /* giraffe.mp4 in Resources */ = {isa = PBXBuildFile; fileRef = 8B2B274127E5DB2A00DDFFF0 /* giraffe.mp4 */; };
		8B2B274C27E5DB2A00DDFFF0 /* ostrich.mp4 in Resources */ = {isa = PBXBuildFile; fileRef = 8B2B274227E5DB2A00DDFFF0 /* ostrich.mp4 */; };
		8B2B274D27E5DB2A00DDFFF0 /* zebra.mp4 in Resources */ = {isa = PBXBuildFile; fileRef = 8B2B274327E5DB2A00DDFFF0 /* zebra.mp4 */; };
		8B2B274E27E5DB2A00DDFFF0 /* hippo.mp4 in Resources */ = {isa = PBXBuildFile; fileRef = 8B2B274427E5DB2A00DDFFF0 /* hippo.mp4 */; };
		8B2B274F27E5DB2A00DDFFF0 /* cheetah.mp4 in Resources */ = {isa = PBXBuildFile; fileRef = 8B2B274527E5DB2A00DDFFF0 /* cheetah.mp4 */; };
		8B2B275027E5DB2A00DDFFF0 /* gorilla.mp4 in Resources */ = {isa = PBXBuildFile; fileRef = 8B2B274627E5DB2A00DDFFF0 /* gorilla.mp4 */; };
		8B2B275127E5DB2A00DDFFF0 /* elephant.mp4 in Resources */ = {isa = PBXBuildFile; fileRef = 8B2B274727E5DB2A00DDFFF0 /* elephant.mp4 */; };
		8B2B275227E5DB2A00DDFFF0 /* lioness.mp4 in Resources */ = {isa = PBXBuildFile; fileRef = 8B2B274827E5DB2A00DDFFF0 /* lioness.mp4 */; };
		8B2B275327E5DB2A00DDFFF0 /* lion.mp4 in Resources */ = {isa = PBXBuildFile; fileRef = 8B2B274927E5DB2A00DDFFF0 /* lion.mp4 */; };
		8B2B275427E5DB2A00DDFFF0 /* rhino.mp4 in Resources */ = {isa = PBXBuildFile; fileRef = 8B2B274A27E5DB2A00DDFFF0 /* rhino.mp4 */; };
		8B2B275A27E5DB8400DDFFF0 /* locations.json in Resources */ = {isa = PBXBuildFile; fileRef = 8B2B275627E5DB8400DDFFF0 /* locations.json */; };
		8B2B275B27E5DB8400DDFFF0 /* covers.json in Resources */ = {isa = PBXBuildFile; fileRef = 8B2B275727E5DB8400DDFFF0 /* covers.json */; };
		8B2B275C27E5DB8400DDFFF0 /* animals.json in Resources */ = {isa = PBXBuildFile; fileRef = 8B2B275827E5DB8400DDFFF0 /* animals.json */; };
		8B2B275D27E5DB8400DDFFF0 /* videos.json in Resources */ = {isa = PBXBuildFile; fileRef = 8B2B275927E5DB8400DDFFF0 /* videos.json */; };
		8B2B276127E5DD5000DDFFF0 /* VideoListView.swift in Sources */ = {isa = PBXBuildFile; fileRef = 8B2B276027E5DD5000DDFFF0 /* VideoListView.swift */; };
		8B2B276327E5DD6300DDFFF0 /* MapView.swift in Sources */ = {isa = PBXBuildFile; fileRef = 8B2B276227E5DD6300DDFFF0 /* MapView.swift */; };
		8B2B276527E5DD7000DDFFF0 /* GalleryView.swift in Sources */ = {isa = PBXBuildFile; fileRef = 8B2B276427E5DD7000DDFFF0 /* GalleryView.swift */; };
		8B2B276727E5DD7D00DDFFF0 /* MainView.swift in Sources */ = {isa = PBXBuildFile; fileRef = 8B2B276627E5DD7D00DDFFF0 /* MainView.swift */; };
/* End PBXBuildFile section */

/* Begin PBXFileReference section */
		8B2B272F27E5D8C500DDFFF0 /* Africa.app */ = {isa = PBXFileReference; explicitFileType = wrapper.application; includeInIndex = 0; path = Africa.app; sourceTree = BUILT_PRODUCTS_DIR; };
		8B2B273227E5D8C500DDFFF0 /* AfricaApp.swift */ = {isa = PBXFileReference; lastKnownFileType = sourcecode.swift; path = AfricaApp.swift; sourceTree = "<group>"; };
		8B2B273427E5D8C500DDFFF0 /* ContentView.swift */ = {isa = PBXFileReference; lastKnownFileType = sourcecode.swift; path = ContentView.swift; sourceTree = "<group>"; };
		8B2B273627E5D8C800DDFFF0 /* Assets.xcassets */ = {isa = PBXFileReference; lastKnownFileType = folder.assetcatalog; path = Assets.xcassets; sourceTree = "<group>"; };
		8B2B273927E5D8C800DDFFF0 /* Preview Assets.xcassets */ = {isa = PBXFileReference; lastKnownFileType = folder.assetcatalog; path = "Preview Assets.xcassets"; sourceTree = "<group>"; };
		8B2B274127E5DB2A00DDFFF0 /* giraffe.mp4 */ = {isa = PBXFileReference; lastKnownFileType = file; path = giraffe.mp4; sourceTree = "<group>"; };
		8B2B274227E5DB2A00DDFFF0 /* ostrich.mp4 */ = {isa = PBXFileReference; lastKnownFileType = file; path = ostrich.mp4; sourceTree = "<group>"; };
		8B2B274327E5DB2A00DDFFF0 /* zebra.mp4 */ = {isa = PBXFileReference; lastKnownFileType = file; path = zebra.mp4; sourceTree = "<group>"; };
		8B2B274427E5DB2A00DDFFF0 /* hippo.mp4 */ = {isa = PBXFileReference; lastKnownFileType = file; path = hippo.mp4; sourceTree = "<group>"; };
		8B2B274527E5DB2A00DDFFF0 /* cheetah.mp4 */ = {isa = PBXFileReference; lastKnownFileType = file; path = cheetah.mp4; sourceTree = "<group>"; };
		8B2B274627E5DB2A00DDFFF0 /* gorilla.mp4 */ = {isa = PBXFileReference; lastKnownFileType = file; path = gorilla.mp4; sourceTree = "<group>"; };
		8B2B274727E5DB2A00DDFFF0 /* elephant.mp4 */ = {isa = PBXFileReference; lastKnownFileType = file; path = elephant.mp4; sourceTree = "<group>"; };
		8B2B274827E5DB2A00DDFFF0 /* lioness.mp4 */ = {isa = PBXFileReference; lastKnownFileType = file; path = lioness.mp4; sourceTree = "<group>"; };
		8B2B274927E5DB2A00DDFFF0 /* lion.mp4 */ = {isa = PBXFileReference; lastKnownFileType = file; path = lion.mp4; sourceTree = "<group>"; };
		8B2B274A27E5DB2A00DDFFF0 /* rhino.mp4 */ = {isa = PBXFileReference; lastKnownFileType = file; path = rhino.mp4; sourceTree = "<group>"; };
		8B2B275627E5DB8400DDFFF0 /* locations.json */ = {isa = PBXFileReference; fileEncoding = 4; lastKnownFileType = text.json; path = locations.json; sourceTree = "<group>"; };
		8B2B275727E5DB8400DDFFF0 /* covers.json */ = {isa = PBXFileReference; fileEncoding = 4; lastKnownFileType = text.json; path = covers.json; sourceTree = "<group>"; };
		8B2B275827E5DB8400DDFFF0 /* animals.json */ = {isa = PBXFileReference; fileEncoding = 4; lastKnownFileType = text.json; path = animals.json; sourceTree = "<group>"; };
		8B2B275927E5DB8400DDFFF0 /* videos.json */ = {isa = PBXFileReference; fileEncoding = 4; lastKnownFileType = text.json; path = videos.json; sourceTree = "<group>"; };
		8B2B275E27E5DC8500DDFFF0 /* Info.plist */ = {isa = PBXFileReference; lastKnownFileType = text.plist; path = Info.plist; sourceTree = "<group>"; };
		8B2B276027E5DD5000DDFFF0 /* VideoListView.swift */ = {isa = PBXFileReference; lastKnownFileType = sourcecode.swift; path = VideoListView.swift; sourceTree = "<group>"; };
		8B2B276227E5DD6300DDFFF0 /* MapView.swift */ = {isa = PBXFileReference; lastKnownFileType = sourcecode.swift; path = MapView.swift; sourceTree = "<group>"; };
		8B2B276427E5DD7000DDFFF0 /* GalleryView.swift */ = {isa = PBXFileReference; lastKnownFileType = sourcecode.swift; path = GalleryView.swift; sourceTree = "<group>"; };
		8B2B276627E5DD7D00DDFFF0 /* MainView.swift */ = {isa = PBXFileReference; lastKnownFileType = sourcecode.swift; path = MainView.swift; sourceTree = "<group>"; };
/* End PBXFileReference section */

/* Begin PBXFrameworksBuildPhase section */
		8B2B272C27E5D8C500DDFFF0 /* Frameworks */ = {
			isa = PBXFrameworksBuildPhase;
			buildActionMask = 2147483647;
			files = (
			);
			runOnlyForDeploymentPostprocessing = 0;
		};
/* End PBXFrameworksBuildPhase section */

/* Begin PBXGroup section */
		8B2B272627E5D8C500DDFFF0 = {
			isa = PBXGroup;
			children = (
				8B2B273127E5D8C500DDFFF0 /* Africa */,
				8B2B273027E5D8C500DDFFF0 /* Products */,
			);
			sourceTree = "<group>";
		};
		8B2B273027E5D8C500DDFFF0 /* Products */ = {
			isa = PBXGroup;
			children = (
				8B2B272F27E5D8C500DDFFF0 /* Africa.app */,
			);
			name = Products;
			sourceTree = "<group>";
		};
		8B2B273127E5D8C500DDFFF0 /* Africa */ = {
			isa = PBXGroup;
			children = (
				8B2B275E27E5DC8500DDFFF0 /* Info.plist */,
				8B2B273227E5D8C500DDFFF0 /* AfricaApp.swift */,
				8B2B275527E5DB8400DDFFF0 /* Data */,
				8B2B274027E5DB2A00DDFFF0 /* Video */,
				8B2B275F27E5DD2000DDFFF0 /* Screens */,
				8B2B273627E5D8C800DDFFF0 /* Assets.xcassets */,
				8B2B273827E5D8C800DDFFF0 /* Preview Content */,
			);
			path = Africa;
			sourceTree = "<group>";
		};
		8B2B273827E5D8C800DDFFF0 /* Preview Content */ = {
			isa = PBXGroup;
			children = (
				8B2B273927E5D8C800DDFFF0 /* Preview Assets.xcassets */,
			);
			path = "Preview Content";
			sourceTree = "<group>";
		};
		8B2B274027E5DB2A00DDFFF0 /* Video */ = {
			isa = PBXGroup;
			children = (
				8B2B274127E5DB2A00DDFFF0 /* giraffe.mp4 */,
				8B2B274227E5DB2A00DDFFF0 /* ostrich.mp4 */,
				8B2B274327E5DB2A00DDFFF0 /* zebra.mp4 */,
				8B2B274427E5DB2A00DDFFF0 /* hippo.mp4 */,
				8B2B274527E5DB2A00DDFFF0 /* cheetah.mp4 */,
				8B2B274627E5DB2A00DDFFF0 /* gorilla.mp4 */,
				8B2B274727E5DB2A00DDFFF0 /* elephant.mp4 */,
				8B2B274827E5DB2A00DDFFF0 /* lioness.mp4 */,
				8B2B274927E5DB2A00DDFFF0 /* lion.mp4 */,
				8B2B274A27E5DB2A00DDFFF0 /* rhino.mp4 */,
			);
			path = Video;
			sourceTree = "<group>";
		};
		8B2B275527E5DB8400DDFFF0 /* Data */ = {
			isa = PBXGroup;
			children = (
				8B2B275627E5DB8400DDFFF0 /* locations.json */,
				8B2B275727E5DB8400DDFFF0 /* covers.json */,
				8B2B275827E5DB8400DDFFF0 /* animals.json */,
				8B2B275927E5DB8400DDFFF0 /* videos.json */,
			);
			path = Data;
			sourceTree = "<group>";
		};
		8B2B275F27E5DD2000DDFFF0 /* Screens */ = {
			isa = PBXGroup;
			children = (
				8B2B273427E5D8C500DDFFF0 /* ContentView.swift */,
				8B2B276027E5DD5000DDFFF0 /* VideoListView.swift */,
				8B2B276227E5DD6300DDFFF0 /* MapView.swift */,
				8B2B276427E5DD7000DDFFF0 /* GalleryView.swift */,
				8B2B276627E5DD7D00DDFFF0 /* MainView.swift */,
			);
			path = Screens;
			sourceTree = "<group>";
		};
/* End PBXGroup section */

/* Begin PBXNativeTarget section */
		8B2B272E27E5D8C500DDFFF0 /* Africa */ = {
			isa = PBXNativeTarget;
			buildConfigurationList = 8B2B273D27E5D8C800DDFFF0 /* Build configuration list for PBXNativeTarget "Africa" */;
			buildPhases = (
				8B2B272B27E5D8C500DDFFF0 /* Sources */,
				8B2B272C27E5D8C500DDFFF0 /* Frameworks */,
				8B2B272D27E5D8C500DDFFF0 /* Resources */,
			);
			buildRules = (
			);
			dependencies = (
			);
			name = Africa;
			productName = Africa;
			productReference = 8B2B272F27E5D8C500DDFFF0 /* Africa.app */;
			productType = "com.apple.product-type.application";
		};
/* End PBXNativeTarget section */

/* Begin PBXProject section */
		8B2B272727E5D8C500DDFFF0 /* Project object */ = {
			isa = PBXProject;
			attributes = {
				BuildIndependentTargetsInParallel = 1;
				LastSwiftUpdateCheck = 1330;
				LastUpgradeCheck = 1330;
				TargetAttributes = {
					8B2B272E27E5D8C500DDFFF0 = {
						CreatedOnToolsVersion = 13.3;
					};
				};
			};
			buildConfigurationList = 8B2B272A27E5D8C500DDFFF0 /* Build configuration list for PBXProject "Africa" */;
			compatibilityVersion = "Xcode 13.0";
			developmentRegion = en;
			hasScannedForEncodings = 0;
			knownRegions = (
				en,
				Base,
			);
			mainGroup = 8B2B272627E5D8C500DDFFF0;
			productRefGroup = 8B2B273027E5D8C500DDFFF0 /* Products */;
			projectDirPath = "";
			projectRoot = "";
			targets = (
				8B2B272E27E5D8C500DDFFF0 /* Africa */,
			);
		};
/* End PBXProject section */

/* Begin PBXResourcesBuildPhase section */
		8B2B272D27E5D8C500DDFFF0 /* Resources */ = {
			isa = PBXResourcesBuildPhase;
			buildActionMask = 2147483647;
			files = (
				8B2B275C27E5DB8400DDFFF0 /* animals.json in Resources */,
				8B2B275A27E5DB8400DDFFF0 /* locations.json in Resources */,
				8B2B275427E5DB2A00DDFFF0 /* rhino.mp4 in Resources */,
				8B2B273A27E5D8C800DDFFF0 /* Preview Assets.xcassets in Resources */,
				8B2B274D27E5DB2A00DDFFF0 /* zebra.mp4 in Resources */,
				8B2B273727E5D8C800DDFFF0 /* Assets.xcassets in Resources */,
				8B2B274C27E5DB2A00DDFFF0 /* ostrich.mp4 in Resources */,
				8B2B275027E5DB2A00DDFFF0 /* gorilla.mp4 in Resources */,
				8B2B275B27E5DB8400DDFFF0 /* covers.json in Resources */,
				8B2B274E27E5DB2A00DDFFF0 /* hippo.mp4 in Resources */,
				8B2B274B27E5DB2A00DDFFF0 /* giraffe.mp4 in Resources */,
				8B2B275227E5DB2A00DDFFF0 /* lioness.mp4 in Resources */,
				8B2B275327E5DB2A00DDFFF0 /* lion.mp4 in Resources */,
				8B2B275D27E5DB8400DDFFF0 /* videos.json in Resources */,
				8B2B274F27E5DB2A00DDFFF0 /* cheetah.mp4 in Resources */,
				8B2B275127E5DB2A00DDFFF0 /* elephant.mp4 in Resources */,
			);
			runOnlyForDeploymentPostprocessing = 0;
		};
/* End PBXResourcesBuildPhase section */

/* Begin PBXSourcesBuildPhase section */
		8B2B272B27E5D8C500DDFFF0 /* Sources */ = {
			isa = PBXSourcesBuildPhase;
			buildActionMask = 2147483647;
			files = (
				8B2B273527E5D8C500DDFFF0 /* ContentView.swift in Sources */,
				8B2B276727E5DD7D00DDFFF0 /* MainView.swift in Sources */,
				8B2B276327E5DD6300DDFFF0 /* MapView.swift in Sources */,
				8B2B273327E5D8C500DDFFF0 /* AfricaApp.swift in Sources */,
				8B2B276127E5DD5000DDFFF0 /* VideoListView.swift in Sources */,
				8B2B276527E5DD7000DDFFF0 /* GalleryView.swift in Sources */,
			);
			runOnlyForDeploymentPostprocessing = 0;
		};
/* End PBXSourcesBuildPhase section */

/* Begin XCBuildConfiguration section */
		8B2B273B27E5D8C800DDFFF0 /* Debug */ = {
			isa = XCBuildConfiguration;
			buildSettings = {
				ALWAYS_SEARCH_USER_PATHS = NO;
				CLANG_ANALYZER_NONNULL = YES;
				CLANG_ANALYZER_NUMBER_OBJECT_CONVERSION = YES_AGGRESSIVE;
				CLANG_CXX_LANGUAGE_STANDARD = "gnu++17";
				CLANG_ENABLE_MODULES = YES;
				CLANG_ENABLE_OBJC_ARC = YES;
				CLANG_ENABLE_OBJC_WEAK = YES;
				CLANG_WARN_BLOCK_CAPTURE_AUTORELEASING = YES;
				CLANG_WARN_BOOL_CONVERSION = YES;
				CLANG_WARN_COMMA = YES;
				CLANG_WARN_CONSTANT_CONVERSION = YES;
				CLANG_WARN_DEPRECATED_OBJC_IMPLEMENTATIONS = YES;
				CLANG_WARN_DIRECT_OBJC_ISA_USAGE = YES_ERROR;
				CLANG_WARN_DOCUMENTATION_COMMENTS = YES;
				CLANG_WARN_EMPTY_BODY = YES;
				CLANG_WARN_ENUM_CONVERSION = YES;
				CLANG_WARN_INFINITE_RECURSION = YES;
				CLANG_WARN_INT_CONVERSION = YES;
				CLANG_WARN_NON_LITERAL_NULL_CONVERSION = YES;
				CLANG_WARN_OBJC_IMPLICIT_RETAIN_SELF = YES;
				CLANG_WARN_OBJC_LITERAL_CONVERSION = YES;
				CLANG_WARN_OBJC_ROOT_CLASS = YES_ERROR;
				CLANG_WARN_QUOTED_INCLUDE_IN_FRAMEWORK_HEADER = YES;
				CLANG_WARN_RANGE_LOOP_ANALYSIS = YES;
				CLANG_WARN_STRICT_PROTOTYPES = YES;
				CLANG_WARN_SUSPICIOUS_MOVE = YES;
				CLANG_WARN_UNGUARDED_AVAILABILITY = YES_AGGRESSIVE;
				CLANG_WARN_UNREACHABLE_CODE = YES;
				CLANG_WARN__DUPLICATE_METHOD_MATCH = YES;
				COPY_PHASE_STRIP = NO;
				DEBUG_INFORMATION_FORMAT = dwarf;
				ENABLE_STRICT_OBJC_MSGSEND = YES;
				ENABLE_TESTABILITY = YES;
				GCC_C_LANGUAGE_STANDARD = gnu11;
				GCC_DYNAMIC_NO_PIC = NO;
				GCC_NO_COMMON_BLOCKS = YES;
				GCC_OPTIMIZATION_LEVEL = 0;
				GCC_PREPROCESSOR_DEFINITIONS = (
					"DEBUG=1",
					"$(inherited)",
				);
				GCC_WARN_64_TO_32_BIT_CONVERSION = YES;
				GCC_WARN_ABOUT_RETURN_TYPE = YES_ERROR;
				GCC_WARN_UNDECLARED_SELECTOR = YES;
				GCC_WARN_UNINITIALIZED_AUTOS = YES_AGGRESSIVE;
				GCC_WARN_UNUSED_FUNCTION = YES;
				GCC_WARN_UNUSED_VARIABLE = YES;
				IPHONEOS_DEPLOYMENT_TARGET = 15.0;
				MTL_ENABLE_DEBUG_INFO = INCLUDE_SOURCE;
				MTL_FAST_MATH = YES;
				ONLY_ACTIVE_ARCH = YES;
				SDKROOT = iphoneos;
				SWIFT_ACTIVE_COMPILATION_CONDITIONS = DEBUG;
				SWIFT_OPTIMIZATION_LEVEL = "-Onone";
			};
			name = Debug;
		};
		8B2B273C27E5D8C800DDFFF0 /* Release */ = {
			isa = XCBuildConfiguration;
			buildSettings = {
				ALWAYS_SEARCH_USER_PATHS = NO;
				CLANG_ANALYZER_NONNULL = YES;
				CLANG_ANALYZER_NUMBER_OBJECT_CONVERSION = YES_AGGRESSIVE;
				CLANG_CXX_LANGUAGE_STANDARD = "gnu++17";
				CLANG_ENABLE_MODULES = YES;
				CLANG_ENABLE_OBJC_ARC = YES;
				CLANG_ENABLE_OBJC_WEAK = YES;
				CLANG_WARN_BLOCK_CAPTURE_AUTORELEASING = YES;
				CLANG_WARN_BOOL_CONVERSION = YES;
				CLANG_WARN_COMMA = YES;
				CLANG_WARN_CONSTANT_CONVERSION = YES;
				CLANG_WARN_DEPRECATED_OBJC_IMPLEMENTATIONS = YES;
				CLANG_WARN_DIRECT_OBJC_ISA_USAGE = YES_ERROR;
				CLANG_WARN_DOCUMENTATION_COMMENTS = YES;
				CLANG_WARN_EMPTY_BODY = YES;
				CLANG_WARN_ENUM_CONVERSION = YES;
				CLANG_WARN_INFINITE_RECURSION = YES;
				CLANG_WARN_INT_CONVERSION = YES;
				CLANG_WARN_NON_LITERAL_NULL_CONVERSION = YES;
				CLANG_WARN_OBJC_IMPLICIT_RETAIN_SELF = YES;
				CLANG_WARN_OBJC_LITERAL_CONVERSION = YES;
				CLANG_WARN_OBJC_ROOT_CLASS = YES_ERROR;
				CLANG_WARN_QUOTED_INCLUDE_IN_FRAMEWORK_HEADER = YES;
				CLANG_WARN_RANGE_LOOP_ANALYSIS = YES;
				CLANG_WARN_STRICT_PROTOTYPES = YES;
				CLANG_WARN_SUSPICIOUS_MOVE = YES;
				CLANG_WARN_UNGUARDED_AVAILABILITY = YES_AGGRESSIVE;
				CLANG_WARN_UNREACHABLE_CODE = YES;
				CLANG_WARN__DUPLICATE_METHOD_MATCH = YES;
				COPY_PHASE_STRIP = NO;
				DEBUG_INFORMATION_FORMAT = "dwarf-with-dsym";
				ENABLE_NS_ASSERTIONS = NO;
				ENABLE_STRICT_OBJC_MSGSEND = YES;
				GCC_C_LANGUAGE_STANDARD = gnu11;
				GCC_NO_COMMON_BLOCKS = YES;
				GCC_WARN_64_TO_32_BIT_CONVERSION = YES;
				GCC_WARN_ABOUT_RETURN_TYPE = YES_ERROR;
				GCC_WARN_UNDECLARED_SELECTOR = YES;
				GCC_WARN_UNINITIALIZED_AUTOS = YES_AGGRESSIVE;
				GCC_WARN_UNUSED_FUNCTION = YES;
				GCC_WARN_UNUSED_VARIABLE = YES;
				IPHONEOS_DEPLOYMENT_TARGET = 15.0;
				MTL_ENABLE_DEBUG_INFO = NO;
				MTL_FAST_MATH = YES;
				SDKROOT = iphoneos;
				SWIFT_COMPILATION_MODE = wholemodule;
				SWIFT_OPTIMIZATION_LEVEL = "-O";
				VALIDATE_PRODUCT = YES;
			};
			name = Release;
		};
		8B2B273E27E5D8C800DDFFF0 /* Debug */ = {
			isa = XCBuildConfiguration;
			buildSettings = {
				ASSETCATALOG_COMPILER_APPICON_NAME = AppIcon;
				ASSETCATALOG_COMPILER_GLOBAL_ACCENT_COLOR_NAME = AccentColor;
				CODE_SIGN_STYLE = Automatic;
				CURRENT_PROJECT_VERSION = 1;
				DEVELOPMENT_ASSET_PATHS = "\"Africa/Preview Content\"";
				DEVELOPMENT_TEAM = QSNJ9UDHM7;
				ENABLE_PREVIEWS = YES;
				GENERATE_INFOPLIST_FILE = YES;
				INFOPLIST_FILE = Africa/Info.plist;
				INFOPLIST_KEY_UIApplicationSceneManifest_Generation = YES;
				INFOPLIST_KEY_UIApplicationSupportsIndirectInputEvents = YES;
				INFOPLIST_KEY_UISupportedInterfaceOrientations = "UIInterfaceOrientationPortrait UIInterfaceOrientationLandscapeLeft UIInterfaceOrientationLandscapeRight";
				INFOPLIST_KEY_UISupportedInterfaceOrientations_iPad = "UIInterfaceOrientationPortrait UIInterfaceOrientationPortraitUpsideDown UIInterfaceOrientationLandscapeLeft UIInterfaceOrientationLandscapeRight";
				INFOPLIST_KEY_UISupportedInterfaceOrientations_iPhone = "UIInterfaceOrientationPortrait UIInterfaceOrientationLandscapeLeft UIInterfaceOrientationLandscapeRight";
				INFOPLIST_KEY_UIUserInterfaceStyle = Dark;
				LD_RUNPATH_SEARCH_PATHS = (
					"$(inherited)",
					"@executable_path/Frameworks",
				);
				MARKETING_VERSION = 1.0;
				PRODUCT_BUNDLE_IDENTIFIER = com.knottx.Africa;
				PRODUCT_NAME = "$(TARGET_NAME)";
				SWIFT_EMIT_LOC_STRINGS = YES;
				SWIFT_VERSION = 5.0;
				TARGETED_DEVICE_FAMILY = "1,2";
			};
			name = Debug;
		};
		8B2B273F27E5D8C800DDFFF0 /* Release */ = {
			isa = XCBuildConfiguration;
			buildSettings = {
				ASSETCATALOG_COMPILER_APPICON_NAME = AppIcon;
				ASSETCATALOG_COMPILER_GLOBAL_ACCENT_COLOR_NAME = AccentColor;
				CODE_SIGN_STYLE = Automatic;
				CURRENT_PROJECT_VERSION = 1;
				DEVELOPMENT_ASSET_PATHS = "\"Africa/Preview Content\"";
				DEVELOPMENT_TEAM = QSNJ9UDHM7;
				ENABLE_PREVIEWS = YES;
				GENERATE_INFOPLIST_FILE = YES;
				INFOPLIST_FILE = Africa/Info.plist;
				INFOPLIST_KEY_UIApplicationSceneManifest_Generation = YES;
				INFOPLIST_KEY_UIApplicationSupportsIndirectInputEvents = YES;
				INFOPLIST_KEY_UISupportedInterfaceOrientations = "UIInterfaceOrientationPortrait UIInterfaceOrientationLandscapeLeft UIInterfaceOrientationLandscapeRight";
				INFOPLIST_KEY_UISupportedInterfaceOrientations_iPad = "UIInterfaceOrientationPortrait UIInterfaceOrientationPortraitUpsideDown UIInterfaceOrientationLandscapeLeft UIInterfaceOrientationLandscapeRight";
				INFOPLIST_KEY_UISupportedInterfaceOrientations_iPhone = "UIInterfaceOrientationPortrait UIInterfaceOrientationLandscapeLeft UIInterfaceOrientationLandscapeRight";
				INFOPLIST_KEY_UIUserInterfaceStyle = Dark;
				LD_RUNPATH_SEARCH_PATHS = (
					"$(inherited)",
					"@executable_path/Frameworks",
				);
				MARKETING_VERSION = 1.0;
				PRODUCT_BUNDLE_IDENTIFIER = com.knottx.Africa;
				PRODUCT_NAME = "$(TARGET_NAME)";
				SWIFT_EMIT_LOC_STRINGS = YES;
				SWIFT_VERSION = 5.0;
				TARGETED_DEVICE_FAMILY = "1,2";
			};
			name = Release;
		};
/* End XCBuildConfiguration section */

/* Begin XCConfigurationList section */
		8B2B272A27E5D8C500DDFFF0 /* Build configuration list for PBXProject "Africa" */ = {
			isa = XCConfigurationList;
			buildConfigurations = (
				8B2B273B27E5D8C800DDFFF0 /* Debug */,
				8B2B273C27E5D8C800DDFFF0 /* Release */,
			);
			defaultConfigurationIsVisible = 0;
			defaultConfigurationName = Release;
		};
		8B2B273D27E5D8C800DDFFF0 /* Build configuration list for PBXNativeTarget "Africa" */ = {
			isa = XCConfigurationList;
			buildConfigurations = (
				8B2B273E27E5D8C800DDFFF0 /* Debug */,
				8B2B273F27E5D8C800DDFFF0 /* Release */,
			);
			defaultConfigurationIsVisible = 0;
			defaultConfigurationName = Release;
		};
/* End XCConfigurationList section */
	};
	rootObject = 8B2B272727E5D8C500DDFFF0 /* Project object */;
}
